
Microsoft Visual Studio Solution File, Format Version 12.00
# Visual Studio Version 16
VisualStudioVersion = 16.0.30002.166
MinimumVisualStudioVersion = 10.0.40219.1
Project("{FAE04EC0-301F-11D3-BF4B-00C04F79EFBC}") = "WebScale", "WebScale\WebScale.csproj", "{CD3B9B49-884E-41F5-B511-A0DF84B8ACBD}"
EndProject
Global
	GlobalSection(SolutionConfigurationPlatforms) = preSolution
		Debug|Any CPU = Debug|Any CPU
		Release|Any CPU = Release|Any CPU
	EndGlobalSection
	GlobalSection(ProjectConfigurationPlatforms) = postSolution
		{CD3B9B49-884E-41F5-B511-A0DF84B8ACBD}.Debug|Any CPU.ActiveCfg = Debug|Any CPU
		{CD3B9B49-884E-41F5-B511-A0DF84B8ACBD}.Debug|Any CPU.Build.0 = Debug|Any CPU
		{CD3B9B49-884E-41F5-B511-A0DF84B8ACBD}.Release|Any CPU.ActiveCfg = Release|Any CPU
		{CD3B9B49-884E-41F5-B511-A0DF84B8ACBD}.Release|Any CPU.Build.0 = Release|Any CPU
	EndGlobalSection
	GlobalSection(SolutionProperties) = preSolution
		HideSolutionNode = FALSE
	EndGlobalSection
	GlobalSection(ExtensibilityGlobals) = postSolution
		SolutionGuid = {5B0F1383-0013-4228-A08E-85CC21F955C6}
	EndGlobalSection
EndGlobal
